
Microsoft Visual Studio Solution File, Format Version 12.00
# Visual Studio Version 16
VisualStudioVersion = 16.0.29409.12
MinimumVisualStudioVersion = 10.0.40219.1
Project("{FAE04EC0-301F-11D3-BF4B-00C04F79EFBC}") = "ScreenManagerBL", "ScreenManagerBL\ScreenManagerBL.csproj", "{CBA2A22B-D1E5-4E0E-81B1-81D00CA73D78}"
EndProject
Project("{FAE04EC0-301F-11D3-BF4B-00C04F79EFBC}") = "ScreenManagerView", "ScreenManagerView\ScreenManagerView.csproj", "{4BC2B683-DBF6-4768-B96B-E245309C4A9A}"
EndProject
Global
	GlobalSection(SolutionConfigurationPlatforms) = preSolution
		Debug|Any CPU = Debug|Any CPU
		Release|Any CPU = Release|Any CPU
	EndGlobalSection
	GlobalSection(ProjectConfigurationPlatforms) = postSolution
		{CBA2A22B-D1E5-4E0E-81B1-81D00CA73D78}.Debug|Any CPU.ActiveCfg = Debug|Any CPU
		{CBA2A22B-D1E5-4E0E-81B1-81D00CA73D78}.Debug|Any CPU.Build.0 = Debug|Any CPU
		{CBA2A22B-D1E5-4E0E-81B1-81D00CA73D78}.Release|Any CPU.ActiveCfg = Release|Any CPU
		{CBA2A22B-D1E5-4E0E-81B1-81D00CA73D78}.Release|Any CPU.Build.0 = Release|Any CPU
		{4BC2B683-DBF6-4768-B96B-E245309C4A9A}.Debug|Any CPU.ActiveCfg = Debug|Any CPU
		{4BC2B683-DBF6-4768-B96B-E245309C4A9A}.Debug|Any CPU.Build.0 = Debug|Any CPU
		{4BC2B683-DBF6-4768-B96B-E245309C4A9A}.Release|Any CPU.ActiveCfg = Release|Any CPU
		{4BC2B683-DBF6-4768-B96B-E245309C4A9A}.Release|Any CPU.Build.0 = Release|Any CPU
	EndGlobalSection
	GlobalSection(SolutionProperties) = preSolution
		HideSolutionNode = FALSE
	EndGlobalSection
	GlobalSection(ExtensibilityGlobals) = postSolution
		SolutionGuid = {D0EB0AE4-D2AA-486E-ACDA-B55FE08DDC05}
	EndGlobalSection
EndGlobal
